{
    "version": 3,
    "terraform_version": "0.11.3",
    "serial": 2,
    "lineage": "89aa0b66-fada-4cbe-ab59-802e74c8e0e4",
    "modules": [
        {
            "path": [
                "root"
            ],
            "outputs": {},
            "resources": {
                "aws_instance.example": {
                    "type": "aws_instance",
                    "depends_on": [],
                    "primary": {
                        "id": "i-05501ef44b420b0b3",
                        "attributes": {
                            "ami": "ami-40d28157",
                            "associate_public_ip_address": "true",
                            "availability_zone": "us-east-1d",
                            "disable_api_termination": "false",
                            "ebs_block_device.#": "0",
                            "ebs_optimized": "false",
                            "ephemeral_block_device.#": "0",
                            "iam_instance_profile": "",
                            "id": "i-05501ef44b420b0b3",
                            "instance_state": "running",
                            "instance_type": "t2.micro",
                            "ipv6_addresses.#": "0",
                            "key_name": "",
                            "monitoring": "false",
                            "network_interface.#": "0",
                            "network_interface_id": "eni-28fb5de5",
                            "placement_group": "",
                            "primary_network_interface_id": "eni-28fb5de5",
                            "private_dns": "ip-172-31-85-131.ec2.internal",
                            "private_ip": "172.31.85.131",
                            "public_dns": "ec2-54-204-219-89.compute-1.amazonaws.com",
                            "public_ip": "54.204.219.89",
                            "root_block_device.#": "1",
                            "root_block_device.0.delete_on_termination": "true",
                            "root_block_device.0.iops": "100",
                            "root_block_device.0.volume_id": "vol-09137b1aae483d375",
                            "root_block_device.0.volume_size": "8",
                            "root_block_device.0.volume_type": "gp2",
                            "security_groups.#": "1",
                            "security_groups.3814588639": "default",
                            "source_dest_check": "true",
                            "subnet_id": "subnet-97d4b6bb",
                            "tags.%": "1",
                            "tags.Name": "terraform-example",
                            "tenancy": "default",
                            "volume_tags.%": "0",
                            "vpc_security_group_ids.#": "0"
                        },
                        "meta": {
                            "e2bfb730-ecaa-11e6-8f88-34363bc7c4c0": {
                                "create": 600000000000,
                                "delete": 600000000000,
                                "update": 600000000000
                            },
                            "schema_version": "1"
                        },
                        "tainted": false
                    },
                    "deposed": [],
                    "provider": "provider.aws"
                }
            },
            "depends_on": []
        }
    ]
}
